// !$*UTF8*$!
{
	archiveVersion = 1;
	classes = {
	};
	objectVersion = 46;
	objects = {

/* Begin PBXBuildFile section */
		84225B501DE1E780008F9B83 /* AppDelegate.swift in Sources */ = {isa = PBXBuildFile; fileRef = 84225B4F1DE1E780008F9B83 /* AppDelegate.swift */; };
		84225B521DE1E780008F9B83 /* ViewController.swift in Sources */ = {isa = PBXBuildFile; fileRef = 84225B511DE1E780008F9B83 /* ViewController.swift */; };
		84225B551DE1E780008F9B83 /* Main.storyboard in Resources */ = {isa = PBXBuildFile; fileRef = 84225B531DE1E780008F9B83 /* Main.storyboard */; };
		84225B571DE1E780008F9B83 /* Assets.xcassets in Resources */ = {isa = PBXBuildFile; fileRef = 84225B561DE1E780008F9B83 /* Assets.xcassets */; };
		84225B5A1DE1E780008F9B83 /* LaunchScreen.storyboard in Resources */ = {isa = PBXBuildFile; fileRef = 84225B581DE1E780008F9B83 /* LaunchScreen.storyboard */; };
		84225B621DE1E913008F9B83 /* ResultViewController.swift in Sources */ = {isa = PBXBuildFile; fileRef = 84225B611DE1E913008F9B83 /* ResultViewController.swift */; };
/* End PBXBuildFile section */

/* Begin PBXFileReference section */
		84225B4C1DE1E780008F9B83 /* SecondKadaiApp.app */ = {isa = PBXFileReference; explicitFileType = wrapper.application; includeInIndex = 0; path = SecondKadaiApp.app; sourceTree = BUILT_PRODUCTS_DIR; };
		84225B4F1DE1E780008F9B83 /* AppDelegate.swift */ = {isa = PBXFileReference; lastKnownFileType = sourcecode.swift; path = AppDelegate.swift; sourceTree = "<group>"; };
		84225B511DE1E780008F9B83 /* ViewController.swift */ = {isa = PBXFileReference; lastKnownFileType = sourcecode.swift; path = ViewController.swift; sourceTree = "<group>"; };
		84225B541DE1E780008F9B83 /* Base */ = {isa = PBXFileReference; lastKnownFileType = file.storyboard; name = Base; path = Base.lproj/Main.storyboard; sourceTree = "<group>"; };
		84225B561DE1E780008F9B83 /* Assets.xcassets */ = {isa = PBXFileReference; lastKnownFileType = folder.assetcatalog; path = Assets.xcassets; sourceTree = "<group>"; };
		84225B591DE1E780008F9B83 /* Base */ = {isa = PBXFileReference; lastKnownFileType = file.storyboard; name = Base; path = Base.lproj/LaunchScreen.storyboard; sourceTree = "<group>"; };
		84225B5B1DE1E780008F9B83 /* Info.plist */ = {isa = PBXFileReference; lastKnownFileType = text.plist.xml; path = Info.plist; sourceTree = "<group>"; };
		84225B611DE1E913008F9B83 /* ResultViewController.swift */ = {isa = PBXFileReference; fileEncoding = 4; lastKnownFileType = sourcecode.swift; path = ResultViewController.swift; sourceTree = "<group>"; };
/* End PBXFileReference section */

/* Begin PBXFrameworksBuildPhase section */
		84225B491DE1E780008F9B83 /* Frameworks */ = {
			isa = PBXFrameworksBuildPhase;
			buildActionMask = 2147483647;
			files = (
			);
			runOnlyForDeploymentPostprocessing = 0;
		};
/* End PBXFrameworksBuildPhase section */

/* Begin PBXGroup section */
		84225B431DE1E780008F9B83 = {
			isa = PBXGroup;
			children = (
				84225B4E1DE1E780008F9B83 /* SecondKadaiApp */,
				84225B4D1DE1E780008F9B83 /* Products */,
			);
			sourceTree = "<group>";
		};
		84225B4D1DE1E780008F9B83 /* Products */ = {
			isa = PBXGroup;
			children = (
				84225B4C1DE1E780008F9B83 /* SecondKadaiApp.app */,
			);
			name = Products;
			sourceTree = "<group>";
		};
		84225B4E1DE1E780008F9B83 /* SecondKadaiApp */ = {
			isa = PBXGroup;
			children = (
				84225B4F1DE1E780008F9B83 /* AppDelegate.swift */,
				84225B511DE1E780008F9B83 /* ViewController.swift */,
				84225B531DE1E780008F9B83 /* Main.storyboard */,
				84225B611DE1E913008F9B83 /* ResultViewController.swift */,
				84225B561DE1E780008F9B83 /* Assets.xcassets */,
				84225B581DE1E780008F9B83 /* LaunchScreen.storyboard */,
				84225B5B1DE1E780008F9B83 /* Info.plist */,
			);
			path = SecondKadaiApp;
			sourceTree = "<group>";
		};
/* End PBXGroup section */

/* Begin PBXNativeTarget section */
		84225B4B1DE1E780008F9B83 /* SecondKadaiApp */ = {
			isa = PBXNativeTarget;
			buildConfigurationList = 84225B5E1DE1E780008F9B83 /* Build configuration list for PBXNativeTarget "SecondKadaiApp" */;
			buildPhases = (
				84225B481DE1E780008F9B83 /* Sources */,
				84225B491DE1E780008F9B83 /* Frameworks */,
				84225B4A1DE1E780008F9B83 /* Resources */,
			);
			buildRules = (
			);
			dependencies = (
			);
			name = SecondKadaiApp;
			productName = SecondKadaiApp;
			productReference = 84225B4C1DE1E780008F9B83 /* SecondKadaiApp.app */;
			productType = "com.apple.product-type.application";
		};
/* End PBXNativeTarget section */

/* Begin PBXProject section */
		84225B441DE1E780008F9B83 /* Project object */ = {
			isa = PBXProject;
			attributes = {
				LastSwiftUpdateCheck = 0810;
				LastUpgradeCheck = 0810;
				ORGANIZATIONNAME = segayan3;
				TargetAttributes = {
					84225B4B1DE1E780008F9B83 = {
						CreatedOnToolsVersion = 8.1;
						DevelopmentTeam = K9D6C8H335;
						ProvisioningStyle = Automatic;
					};
				};
			};
			buildConfigurationList = 84225B471DE1E780008F9B83 /* Build configuration list for PBXProject "SecondKadaiApp" */;
			compatibilityVersion = "Xcode 3.2";
			developmentRegion = English;
			hasScannedForEncodings = 0;
			knownRegions = (
				en,
				Base,
			);
			mainGroup = 84225B431DE1E780008F9B83;
			productRefGroup = 84225B4D1DE1E780008F9B83 /* Products */;
			projectDirPath = "";
			projectRoot = "";
			targets = (
				84225B4B1DE1E780008F9B83 /* SecondKadaiApp */,
			);
		};
/* End PBXProject section */

/* Begin PBXResourcesBuildPhase section */
		84225B4A1DE1E780008F9B83 /* Resources */ = {
			isa = PBXResourcesBuildPhase;
			buildActionMask = 2147483647;
			files = (
				84225B5A1DE1E780008F9B83 /* LaunchScreen.storyboard in Resources */,
				84225B571DE1E780008F9B83 /* Assets.xcassets in Resources */,
				84225B551DE1E780008F9B83 /* Main.storyboard in Resources */,
			);
			runOnlyForDeploymentPostprocessing = 0;
		};
/* End PBXResourcesBuildPhase section */

/* Begin PBXSourcesBuildPhase section */
		84225B481DE1E780008F9B83 /* Sources */ = {
			isa = PBXSourcesBuildPhase;
			buildActionMask = 2147483647;
			files = (
				84225B521DE1E780008F9B83 /* ViewController.swift in Sources */,
				84225B501DE1E780008F9B83 /* AppDelegate.swift in Sources */,
				84225B621DE1E913008F9B83 /* ResultViewController.swift in Sources */,
			);
			runOnlyForDeploymentPostprocessing = 0;
		};
/* End PBXSourcesBuildPhase section */

/* Begin PBXVariantGroup section */
		84225B531DE1E780008F9B83 /* Main.storyboard */ = {
			isa = PBXVariantGroup;
			children = (
				84225B541DE1E780008F9B83 /* Base */,
			);
			name = Main.storyboard;
			sourceTree = "<group>";
		};
		84225B581DE1E780008F9B83 /* LaunchScreen.storyboard */ = {
			isa = PBXVariantGroup;
			children = (
				84225B591DE1E780008F9B83 /* Base */,
			);
			name = LaunchScreen.storyboard;
			sourceTree = "<group>";
		};
/* End PBXVariantGroup section */

/* Begin XCBuildConfiguration section */
		84225B5C1DE1E780008F9B83 /* Debug */ = {
			isa = XCBuildConfiguration;
			buildSettings = {
				ALWAYS_SEARCH_USER_PATHS = NO;
				CLANG_ANALYZER_NONNULL = YES;
				CLANG_CXX_LANGUAGE_STANDARD = "gnu++0x";
				CLANG_CXX_LIBRARY = "libc++";
				CLANG_ENABLE_MODULES = YES;
				CLANG_ENABLE_OBJC_ARC = YES;
				CLANG_WARN_BOOL_CONVERSION = YES;
				CLANG_WARN_CONSTANT_CONVERSION = YES;
				CLANG_WARN_DIRECT_OBJC_ISA_USAGE = YES_ERROR;
				CLANG_WARN_DOCUMENTATION_COMMENTS = YES;
				CLANG_WARN_EMPTY_BODY = YES;
				CLANG_WARN_ENUM_CONVERSION = YES;
				CLANG_WARN_INFINITE_RECURSION = YES;
				CLANG_WARN_INT_CONVERSION = YES;
				CLANG_WARN_OBJC_ROOT_CLASS = YES_ERROR;
				CLANG_WARN_SUSPICIOUS_MOVES = YES;
				CLANG_WARN_UNREACHABLE_CODE = YES;
				CLANG_WARN__DUPLICATE_METHOD_MATCH = YES;
				"CODE_SIGN_IDENTITY[sdk=iphoneos*]" = "iPhone Developer";
				COPY_PHASE_STRIP = NO;
				DEBUG_INFORMATION_FORMAT = dwarf;
				ENABLE_STRICT_OBJC_MSGSEND = YES;
				ENABLE_TESTABILITY = YES;
				GCC_C_LANGUAGE_STANDARD = gnu99;
				GCC_DYNAMIC_NO_PIC = NO;
				GCC_NO_COMMON_BLOCKS = YES;
				GCC_OPTIMIZATION_LEVEL = 0;
				GCC_PREPROCESSOR_DEFINITIONS = (
					"DEBUG=1",
					"$(inherited)",
				);
				GCC_WARN_64_TO_32_BIT_CONVERSION = YES;
				GCC_WARN_ABOUT_RETURN_TYPE = YES_ERROR;
				GCC_WARN_UNDECLARED_SELECTOR = YES;
				GCC_WARN_UNINITIALIZED_AUTOS = YES_AGGRESSIVE;
				GCC_WARN_UNUSED_FUNCTION = YES;
				GCC_WARN_UNUSED_VARIABLE = YES;
				IPHONEOS_DEPLOYMENT_TARGET = 10.1;
				MTL_ENABLE_DEBUG_INFO = YES;
				ONLY_ACTIVE_ARCH = YES;
				SDKROOT = iphoneos;
				SWIFT_ACTIVE_COMPILATION_CONDITIONS = DEBUG;
				SWIFT_OPTIMIZATION_LEVEL = "-Onone";
			};
			name = Debug;
		};
		84225B5D1DE1E780008F9B83 /* Release */ = {
			isa = XCBuildConfiguration;
			buildSettings = {
				ALWAYS_SEARCH_USER_PATHS = NO;
				CLANG_ANALYZER_NONNULL = YES;
				CLANG_CXX_LANGUAGE_STANDARD = "gnu++0x";
				CLANG_CXX_LIBRARY = "libc++";
				CLANG_ENABLE_MODULES = YES;
				CLANG_ENABLE_OBJC_ARC = YES;
				CLANG_WARN_BOOL_CONVERSION = YES;
				CLANG_WARN_CONSTANT_CONVERSION = YES;
				CLANG_WARN_DIRECT_OBJC_ISA_USAGE = YES_ERROR;
				CLANG_WARN_DOCUMENTATION_COMMENTS = YES;
				CLANG_WARN_EMPTY_BODY = YES;
				CLANG_WARN_ENUM_CONVERSION = YES;
				CLANG_WARN_INFINITE_RECURSION = YES;
				CLANG_WARN_INT_CONVERSION = YES;
				CLANG_WARN_OBJC_ROOT_CLASS = YES_ERROR;
				CLANG_WARN_SUSPICIOUS_MOVES = YES;
				CLANG_WARN_UNREACHABLE_CODE = YES;
				CLANG_WARN__DUPLICATE_METHOD_MATCH = YES;
				"CODE_SIGN_IDENTITY[sdk=iphoneos*]" = "iPhone Developer";
				COPY_PHASE_STRIP = NO;
				DEBUG_INFORMATION_FORMAT = "dwarf-with-dsym";
				ENABLE_NS_ASSERTIONS = NO;
				ENABLE_STRICT_OBJC_MSGSEND = YES;
				GCC_C_LANGUAGE_STANDARD = gnu99;
				GCC_NO_COMMON_BLOCKS = YES;
				GCC_WARN_64_TO_32_BIT_CONVERSION = YES;
				GCC_WARN_ABOUT_RETURN_TYPE = YES_ERROR;
				GCC_WARN_UNDECLARED_SELECTOR = YES;
				GCC_WARN_UNINITIALIZED_AUTOS = YES_AGGRESSIVE;
				GCC_WARN_UNUSED_FUNCTION = YES;
				GCC_WARN_UNUSED_VARIABLE = YES;
				IPHONEOS_DEPLOYMENT_TARGET = 10.1;
				MTL_ENABLE_DEBUG_INFO = NO;
				SDKROOT = iphoneos;
				SWIFT_OPTIMIZATION_LEVEL = "-Owholemodule";
				VALIDATE_PRODUCT = YES;
			};
			name = Release;
		};
		84225B5F1DE1E780008F9B83 /* Debug */ = {
			isa = XCBuildConfiguration;
			buildSettings = {
				ASSETCATALOG_COMPILER_APPICON_NAME = AppIcon;
				DEVELOPMENT_TEAM = K9D6C8H335;
				INFOPLIST_FILE = SecondKadaiApp/Info.plist;
				IPHONEOS_DEPLOYMENT_TARGET = 10.1;
				LD_RUNPATH_SEARCH_PATHS = "$(inherited) @executable_path/Frameworks";
				PRODUCT_BUNDLE_IDENTIFIER = jp.techacademy.segayan3.SecondKadaiApp;
				PRODUCT_NAME = "$(TARGET_NAME)";
				SWIFT_VERSION = 3.0;
			};
			name = Debug;
		};
		84225B601DE1E780008F9B83 /* Release */ = {
			isa = XCBuildConfiguration;
			buildSettings = {
				ASSETCATALOG_COMPILER_APPICON_NAME = AppIcon;
				DEVELOPMENT_TEAM = K9D6C8H335;
				INFOPLIST_FILE = SecondKadaiApp/Info.plist;
				IPHONEOS_DEPLOYMENT_TARGET = 10.1;
				LD_RUNPATH_SEARCH_PATHS = "$(inherited) @executable_path/Frameworks";
				PRODUCT_BUNDLE_IDENTIFIER = jp.techacademy.segayan3.SecondKadaiApp;
				PRODUCT_NAME = "$(TARGET_NAME)";
				SWIFT_VERSION = 3.0;
			};
			name = Release;
		};
/* End XCBuildConfiguration section */

/* Begin XCConfigurationList section */
		84225B471DE1E780008F9B83 /* Build configuration list for PBXProject "SecondKadaiApp" */ = {
			isa = XCConfigurationList;
			buildConfigurations = (
				84225B5C1DE1E780008F9B83 /* Debug */,
				84225B5D1DE1E780008F9B83 /* Release */,
			);
			defaultConfigurationIsVisible = 0;
			defaultConfigurationName = Release;
		};
		84225B5E1DE1E780008F9B83 /* Build configuration list for PBXNativeTarget "SecondKadaiApp" */ = {
			isa = XCConfigurationList;
			buildConfigurations = (
				84225B5F1DE1E780008F9B83 /* Debug */,
				84225B601DE1E780008F9B83 /* Release */,
			);
			defaultConfigurationIsVisible = 0;
		};
/* End XCConfigurationList section */
	};
	rootObject = 84225B441DE1E780008F9B83 /* Project object */;
}
